
Microsoft Visual Studio Solution File, Format Version 12.00
# Visual Studio 15
VisualStudioVersion = 15.0.26730.12
MinimumVisualStudioVersion = 10.0.40219.1
Project("{FAE04EC0-301F-11D3-BF4B-00C04F79EFBC}") = "Forces", "Forces\Forces.csproj", "{ACC63B1F-FA02-4B31-B563-D2DB20701A07}"
EndProject
Global
	GlobalSection(SolutionConfigurationPlatforms) = preSolution
		Debug|Any CPU = Debug|Any CPU
		Release|Any CPU = Release|Any CPU
	EndGlobalSection
	GlobalSection(ProjectConfigurationPlatforms) = postSolution
		{ACC63B1F-FA02-4B31-B563-D2DB20701A07}.Debug|Any CPU.ActiveCfg = Debug|Any CPU
		{ACC63B1F-FA02-4B31-B563-D2DB20701A07}.Debug|Any CPU.Build.0 = Debug|Any CPU
		{ACC63B1F-FA02-4B31-B563-D2DB20701A07}.Release|Any CPU.ActiveCfg = Release|Any CPU
		{ACC63B1F-FA02-4B31-B563-D2DB20701A07}.Release|Any CPU.Build.0 = Release|Any CPU
	EndGlobalSection
	GlobalSection(SolutionProperties) = preSolution
		HideSolutionNode = FALSE
	EndGlobalSection
	GlobalSection(ExtensibilityGlobals) = postSolution
		SolutionGuid = {CF5861D2-5B19-4BEF-9A5D-40755925A2E4}
	EndGlobalSection
EndGlobal
